# DO NOT EDIT MANUALLY - Managed by Fern Replay
version: "1.0"
generations:
  - commit_sha: 53427ea4c062628f2b62e6708677f621e972ef11
    tree_hash: d9aa77372ecee0314a132753021a02a01624e745
    timestamp: 2026-07-17T09:39:51.022Z
    cli_version: unknown
    generator_versions: {}
current_generation: 53427ea4c062628f2b62e6708677f621e972ef11
patches: []
